# This file is automatically @generated by Cargo.
# It is not intended for manual editing.
[[package]]
name = "afire"
version = "0.1.5"
source = "registry+https://github.com/rust-lang/crates.io-index"
checksum = "16be1cacdfb679f167cb91b2326fab3af8191dddeff6fbbcacf56142349edda1"

[[package]]
name = "scout_schedule"
version = "0.1.0"
dependencies = [
 "afire",
]
